
Microsoft Visual Studio Solution File, Format Version 12.00
# Visual Studio 2012
Project("{FAE04EC0-301F-11D3-BF4B-00C04F79EFBC}") = "TestSingleApp1", "TestSingleApp1\TestSingleApp1.csproj", "{31471112-6EE1-4F59-89A2-3E11521C2F99}"
EndProject
Global
	GlobalSection(SolutionConfigurationPlatforms) = preSolution
		Debug|iPhoneSimulator = Debug|iPhoneSimulator
		Release|iPhone = Release|iPhone
		Release|iPhoneSimulator = Release|iPhoneSimulator
		Debug|iPhone = Debug|iPhone
	EndGlobalSection
	GlobalSection(ProjectConfigurationPlatforms) = postSolution
		{31471112-6EE1-4F59-89A2-3E11521C2F99}.Debug|iPhoneSimulator.ActiveCfg = Debug|iPhoneSimulator
		{31471112-6EE1-4F59-89A2-3E11521C2F99}.Debug|iPhoneSimulator.Build.0 = Debug|iPhoneSimulator
		{31471112-6EE1-4F59-89A2-3E11521C2F99}.Release|iPhone.ActiveCfg = Release|iPhone
		{31471112-6EE1-4F59-89A2-3E11521C2F99}.Release|iPhone.Build.0 = Release|iPhone
		{31471112-6EE1-4F59-89A2-3E11521C2F99}.Release|iPhoneSimulator.ActiveCfg = Release|iPhoneSimulator
		{31471112-6EE1-4F59-89A2-3E11521C2F99}.Release|iPhoneSimulator.Build.0 = Release|iPhoneSimulator
		{31471112-6EE1-4F59-89A2-3E11521C2F99}.Debug|iPhone.ActiveCfg = Debug|iPhone
		{31471112-6EE1-4F59-89A2-3E11521C2F99}.Debug|iPhone.Build.0 = Debug|iPhone
	EndGlobalSection
EndGlobal
